
Microsoft Visual Studio Solution File, Format Version 12.00
# Visual Studio Version 17
VisualStudioVersion = 17.8.34525.116
MinimumVisualStudioVersion = 10.0.40219.1
Project("{9A19103F-16F7-4668-BE54-9A1E7A4F7556}") = "IFSPStore.Domain", "IFSPStore.Domain\IFSPStore.Domain.csproj", "{F7B58A66-C61B-48CD-A04E-36C61C34C41A}"
EndProject
Project("{9A19103F-16F7-4668-BE54-9A1E7A4F7556}") = "IFSPStore.Test", "IFSPStore.Test\IFSPStore.Test.csproj", "{5EB909B1-295F-4F5D-BA2B-5B5D2FD8F473}"
EndProject
Project("{9A19103F-16F7-4668-BE54-9A1E7A4F7556}") = "IFSPStore.Repository", "IFSPStore.Repository\IFSPStore.Repository.csproj", "{FE0B8F12-28B6-41F5-B358-9800ED4B60C7}"
EndProject
Project("{9A19103F-16F7-4668-BE54-9A1E7A4F7556}") = "IFSPStore.Service", "IFSPStore.Service\IFSPStore.Service.csproj", "{2E49149E-D243-4FD1-B447-00C61CA2D871}"
EndProject
Project("{FAE04EC0-301F-11D3-BF4B-00C04F79EFBC}") = "IFSPStore.App", "IFSPStore.App\IFSPStore.App.csproj", "{9AFF99D0-456B-4398-B8C2-B22B0B9867AF}"
EndProject
Global
	GlobalSection(SolutionConfigurationPlatforms) = preSolution
		Debug|Any CPU = Debug|Any CPU
		Release|Any CPU = Release|Any CPU
	EndGlobalSection
	GlobalSection(ProjectConfigurationPlatforms) = postSolution
		{F7B58A66-C61B-48CD-A04E-36C61C34C41A}.Debug|Any CPU.ActiveCfg = Debug|Any CPU
		{F7B58A66-C61B-48CD-A04E-36C61C34C41A}.Debug|Any CPU.Build.0 = Debug|Any CPU
		{F7B58A66-C61B-48CD-A04E-36C61C34C41A}.Release|Any CPU.ActiveCfg = Release|Any CPU
		{F7B58A66-C61B-48CD-A04E-36C61C34C41A}.Release|Any CPU.Build.0 = Release|Any CPU
		{5EB909B1-295F-4F5D-BA2B-5B5D2FD8F473}.Debug|Any CPU.ActiveCfg = Debug|Any CPU
		{5EB909B1-295F-4F5D-BA2B-5B5D2FD8F473}.Debug|Any CPU.Build.0 = Debug|Any CPU
		{5EB909B1-295F-4F5D-BA2B-5B5D2FD8F473}.Release|Any CPU.ActiveCfg = Release|Any CPU
		{5EB909B1-295F-4F5D-BA2B-5B5D2FD8F473}.Release|Any CPU.Build.0 = Release|Any CPU
		{FE0B8F12-28B6-41F5-B358-9800ED4B60C7}.Debug|Any CPU.ActiveCfg = Debug|Any CPU
		{FE0B8F12-28B6-41F5-B358-9800ED4B60C7}.Debug|Any CPU.Build.0 = Debug|Any CPU
		{FE0B8F12-28B6-41F5-B358-9800ED4B60C7}.Release|Any CPU.ActiveCfg = Release|Any CPU
		{FE0B8F12-28B6-41F5-B358-9800ED4B60C7}.Release|Any CPU.Build.0 = Release|Any CPU
		{2E49149E-D243-4FD1-B447-00C61CA2D871}.Debug|Any CPU.ActiveCfg = Debug|Any CPU
		{2E49149E-D243-4FD1-B447-00C61CA2D871}.Debug|Any CPU.Build.0 = Debug|Any CPU
		{2E49149E-D243-4FD1-B447-00C61CA2D871}.Release|Any CPU.ActiveCfg = Release|Any CPU
		{2E49149E-D243-4FD1-B447-00C61CA2D871}.Release|Any CPU.Build.0 = Release|Any CPU
		{9AFF99D0-456B-4398-B8C2-B22B0B9867AF}.Debug|Any CPU.ActiveCfg = Debug|Any CPU
		{9AFF99D0-456B-4398-B8C2-B22B0B9867AF}.Debug|Any CPU.Build.0 = Debug|Any CPU
		{9AFF99D0-456B-4398-B8C2-B22B0B9867AF}.Release|Any CPU.ActiveCfg = Release|Any CPU
		{9AFF99D0-456B-4398-B8C2-B22B0B9867AF}.Release|Any CPU.Build.0 = Release|Any CPU
	EndGlobalSection
	GlobalSection(SolutionProperties) = preSolution
		HideSolutionNode = FALSE
	EndGlobalSection
	GlobalSection(ExtensibilityGlobals) = postSolution
		SolutionGuid = {9A615836-0CEB-4C4C-9101-3220366F91C7}
	EndGlobalSection
EndGlobal
